version: 1.0
shards:
  colorful:
    github: icyleaf/colorful.cr
    version: 0.1.0

  kemal:
    github: kemalcr/kemal
    version: 0.19.0

  kilt:
    github: jeromegn/kilt
    version: 0.3.3

  pixel_lang_crystal:
    github: redcodefinal/pixel_lang_crystal
    commit: 052b5aef6069d429d8d0940e52d382b83397b0b2

  radix:
    github: luislavena/radix
    version: 0.3.8

  stumpy_core:
    git: https://github.com/l3kn/stumpy_core.git
    commit: 06b506d72c7fcda3ac596618f01602f83fdf054d

  stumpy_png:
    github: l3kn/stumpy_png
    version: 4.1.1

