version: 1.0
shards:
  colorful:
    github: icyleaf/colorful.cr
    version: 0.1.0

  kemal:
    github: kemalcr/kemal
    version: 0.22.0

  kilt:
    github: jeromegn/kilt
    version: 0.4.0

  pixel_lang_crystal:
    github: redcodefinal/pixel_lang_crystal
    commit: dfa23cf8ea86a692bb8bd64f19fb3f9a7284c927

  radix:
    github: luislavena/radix
    version: 0.3.8

  stumpy_core:
    github: stumpycr/stumpy_core
    version: 1.8.2

  stumpy_png:
    github: l3kn/stumpy_png
    version: 4.2.2

